
Microsoft Visual Studio Solution File, Format Version 12.00
# Visual Studio Version 17
VisualStudioVersion = 17.1.32210.238
MinimumVisualStudioVersion = 10.0.40219.1
Project("{FAE04EC0-301F-11D3-BF4B-00C04F79EFBC}") = "UsedCarLot", "UsedCarLot\UsedCarLot.csproj", "{4159E615-7128-4168-B54D-8E705ADC52E7}"
EndProject
Global
	GlobalSection(SolutionConfigurationPlatforms) = preSolution
		Debug|Any CPU = Debug|Any CPU
		Release|Any CPU = Release|Any CPU
	EndGlobalSection
	GlobalSection(ProjectConfigurationPlatforms) = postSolution
		{4159E615-7128-4168-B54D-8E705ADC52E7}.Debug|Any CPU.ActiveCfg = Debug|Any CPU
		{4159E615-7128-4168-B54D-8E705ADC52E7}.Debug|Any CPU.Build.0 = Debug|Any CPU
		{4159E615-7128-4168-B54D-8E705ADC52E7}.Release|Any CPU.ActiveCfg = Release|Any CPU
		{4159E615-7128-4168-B54D-8E705ADC52E7}.Release|Any CPU.Build.0 = Release|Any CPU
	EndGlobalSection
	GlobalSection(SolutionProperties) = preSolution
		HideSolutionNode = FALSE
	EndGlobalSection
	GlobalSection(ExtensibilityGlobals) = postSolution
		SolutionGuid = {F28DCFD6-5977-413B-A575-D70B904AF665}
	EndGlobalSection
EndGlobal
